{
  "nodes": {
    "anturated-website": {
      "inputs": {
        "nixpkgs": [
          "nixpkgs"
        ]
      },
      "locked": {
        "lastModified": 1783288888,
        "narHash": "sha256-X1jtKg+kLMXERQP12oq96K9/aVJjNBOvn6R2QcGCupU=",
        "ref": "refs/heads/master",
        "rev": "3bf2847466fb11518cc13a4d677da0b3119ea6d2",
        "revCount": 56,
        "type": "git",
        "url": "https://git.anturated.dev/anturated/website"
      },
      "original": {
        "type": "git",
        "url": "https://git.anturated.dev/anturated/website"
      }
    },
    "eiddew": {
      "inputs": {
        "nixpkgs": [
          "nixpkgs"
        ]
      },
      "locked": {
        "lastModified": 1783288887,
        "narHash": "sha256-2nkIhJWSTcDvOiU5grjnrUBAlYiDhibj63H3nW6CK/Q=",
        "ref": "refs/heads/master",
        "rev": "aacb326214e75427b66ab1c710c5be3a79ec8ac5",
        "revCount": 117,
        "type": "git",
        "url": "https://git.anturated.dev/anturated/eiddew"
      },
      "original": {
        "type": "git",
        "url": "https://git.anturated.dev/anturated/eiddew"
      }
    },
    "flake-utils": {
      "inputs": {
        "systems": "systems"
      },
      "locked": {
        "lastModified": 1731533236,
        "narHash": "sha256-l0KFg5HjrsfsO/JpG+r7fRrqm12kzFHyUHqHCVpMMbI=",
        "owner": "numtide",
        "repo": "flake-utils",
        "rev": "11707dc2f618dd54ca8739b309ec4fc024de578b",
        "type": "github"
      },
      "original": {
        "owner": "numtide",
        "repo": "flake-utils",
        "type": "github"
      }
    },
    "gift-wrap": {
      "inputs": {
        "nixpkgs": [
          "newydd",
          "nixpkgs"
        ]
      },
      "locked": {
        "lastModified": 1773403464,
        "narHash": "sha256-fckT48WShz/HqRgHgBKbVZCreC+Apfu3UqPZxFuL7Us=",
        "owner": "tgirlcloud",
        "repo": "gift-wrap",
        "rev": "9499bc6e450d9959e2019f7122efd3b9077f333a",
        "type": "github"
      },
      "original": {
        "owner": "tgirlcloud",
        "repo": "gift-wrap",
        "type": "github"
      }
    },
    "home-manager": {
      "inputs": {
        "nixpkgs": [
          "nixpkgs"
        ]
      },
      "locked": {
        "lastModified": 1783222121,
        "narHash": "sha256-E/ElL373TO8lQ2aMvYyzN+k4xkVaUGoRqoa8AtM71tI=",
        "owner": "nix-community",
        "repo": "home-manager",
        "rev": "a1645f40777620c4bd2b6d854b290c2fc354a266",
        "type": "github"
      },
      "original": {
        "owner": "nix-community",
        "repo": "home-manager",
        "type": "github"
      }
    },
    "newydd": {
      "inputs": {
        "gift-wrap": "gift-wrap",
        "nixpkgs": [
          "nixpkgs"
        ],
        "ts-nix-numtide": "ts-nix-numtide"
      },
      "locked": {
        "lastModified": 1783288886,
        "narHash": "sha256-RcsYp23R7CDQTfwccbV9SOLokRtq2jMfew8M0VjC4fc=",
        "ref": "refs/heads/master",
        "rev": "38e77f91c06bdf7edfdb40b2273befa91739fe2b",
        "revCount": 100,
        "type": "git",
        "url": "https://git.anturated.dev/anturated/newydd"
      },
      "original": {
        "type": "git",
        "url": "https://git.anturated.dev/anturated/newydd"
      }
    },
    "nix-index-database": {
      "inputs": {
        "nixpkgs": [
          "nixpkgs"
        ]
      },
      "locked": {
        "lastModified": 1783233851,
        "narHash": "sha256-jzisD+3wWZPC4QvAsKtYguiGsmlH2SN3Mjx5LWd68Ok=",
        "owner": "nix-community",
        "repo": "nix-index-database",
        "rev": "fab14c7b63499d57cb6673d5690168c3ec42b99a",
        "type": "github"
      },
      "original": {
        "owner": "nix-community",
        "repo": "nix-index-database",
        "type": "github"
      }
    },
    "nixpkgs": {
      "locked": {
        "lastModified": 1783247743,
        "narHash": "sha256-9b2xGt5CAd6WriPJOZs/EYXq9fGVCeoisYo1P3nhL2Y=",
        "owner": "NixOS",
        "repo": "nixpkgs",
        "rev": "c4013e501c048ae7c4a8940c92837636042bf6c3",
        "type": "github"
      },
      "original": {
        "owner": "NixOS",
        "ref": "nixpkgs-unstable",
        "repo": "nixpkgs",
        "type": "github"
      }
    },
    "root": {
      "inputs": {
        "anturated-website": "anturated-website",
        "eiddew": "eiddew",
        "home-manager": "home-manager",
        "newydd": "newydd",
        "nix-index-database": "nix-index-database",
        "nixpkgs": "nixpkgs",
        "simple-nixos-mailserver": "simple-nixos-mailserver",
        "sops": "sops",
        "spicetify": "spicetify"
      }
    },
    "simple-nixos-mailserver": {
      "inputs": {
        "blobs": [],
        "flake-compat": [],
        "git-hooks": [],
        "nixpkgs": [
          "nixpkgs"
        ]
      },
      "locked": {
        "lastModified": 1783272034,
        "narHash": "sha256-PFVI20RpmBCAjstjfzidH0UciHxZOWc1X6KW6NYAzwM=",
        "owner": "simple-nixos-mailserver",
        "repo": "nixos-mailserver",
        "rev": "c8babc10612312e344ddf16472a16a1906f0125c",
        "type": "gitlab"
      },
      "original": {
        "owner": "simple-nixos-mailserver",
        "repo": "nixos-mailserver",
        "type": "gitlab"
      }
    },
    "sops": {
      "inputs": {
        "nixpkgs": [
          "nixpkgs"
        ]
      },
      "locked": {
        "lastModified": 1776230713,
        "narHash": "sha256-8Rv4J8M09NPJcq4pYfMyi0ibJJQD7/JzKjAqSp2LjZw=",
        "owner": "Mic92",
        "repo": "sops-nix",
        "rev": "105ff9ba631f5e7ee75aac03df941981312d917e",
        "type": "github"
      },
      "original": {
        "owner": "Mic92",
        "ref": "pull/779/merge",
        "repo": "sops-nix",
        "type": "github"
      }
    },
    "spicetify": {
      "inputs": {
        "nixpkgs": [
          "nixpkgs"
        ],
        "systems": "systems_2"
      },
      "locked": {
        "lastModified": 1782898510,
        "narHash": "sha256-7QVN7ijsXbIBRrI9LdXfeoFktTS0I6HZya9tu6+STrs=",
        "owner": "Gerg-L",
        "repo": "spicetify-nix",
        "rev": "9cabea6f5973ec01f60080ea50f54f8f6d74dc95",
        "type": "github"
      },
      "original": {
        "owner": "Gerg-L",
        "repo": "spicetify-nix",
        "type": "github"
      }
    },
    "systems": {
      "locked": {
        "lastModified": 1681028828,
        "narHash": "sha256-Vy1rq5AaRuLzOxct8nz4T6wlgyUR7zLU309k9mBC768=",
        "owner": "nix-systems",
        "repo": "default",
        "rev": "da67096a3b9bf56a91d16901293e51ba5b49a27e",
        "type": "github"
      },
      "original": {
        "owner": "nix-systems",
        "repo": "default",
        "type": "github"
      }
    },
    "systems_2": {
      "locked": {
        "lastModified": 1681028828,
        "narHash": "sha256-Vy1rq5AaRuLzOxct8nz4T6wlgyUR7zLU309k9mBC768=",
        "owner": "nix-systems",
        "repo": "default",
        "rev": "da67096a3b9bf56a91d16901293e51ba5b49a27e",
        "type": "github"
      },
      "original": {
        "owner": "nix-systems",
        "repo": "default",
        "type": "github"
      }
    },
    "ts-nix-numtide": {
      "inputs": {
        "flake-utils": "flake-utils",
        "nixpkgs": [
          "newydd",
          "nixpkgs"
        ]
      },
      "locked": {
        "lastModified": 1779268707,
        "narHash": "sha256-n3sQz0LhDCdoza4bmXHGvZWROyUpYO7u+00/w7bsO/I=",
        "owner": "numtide",
        "repo": "tree-sitter-nix",
        "rev": "70f34e95e30b7ebcc40815d4385d68576c4a15cd",
        "type": "github"
      },
      "original": {
        "owner": "numtide",
        "repo": "tree-sitter-nix",
        "type": "github"
      }
    }
  },
  "root": "root",
  "version": 7
}
