{
  "nodes": {
    "anturated-website": {
      "inputs": {
        "nixpkgs": [
          "nixpkgs"
        ]
      },
      "locked": {
        "lastModified": 1782943323,
        "narHash": "sha256-Eqgo6p+m0KtwdiFH8uYhXrOUV9hAm5ecStalbortifE=",
        "ref": "refs/heads/master",
        "rev": "c381f1b3bf7983b6cd430bbf4ae580af2aab2749",
        "revCount": 53,
        "type": "git",
        "url": "https://git.anturated.dev/anturated/website"
      },
      "original": {
        "type": "git",
        "url": "https://git.anturated.dev/anturated/website"
      }
    },
    "eiddew": {
      "inputs": {
        "nixpkgs": [
          "nixpkgs"
        ]
      },
      "locked": {
        "lastModified": 1782943286,
        "narHash": "sha256-yjtd0O6u+Phwo/Dy6WdDb3fc3frPu7IIUyImK1avolU=",
        "ref": "refs/heads/master",
        "rev": "238ebe6110d07eeca35e6520206bf1372c891209",
        "revCount": 113,
        "type": "git",
        "url": "https://git.anturated.dev/anturated/eiddew"
      },
      "original": {
        "type": "git",
        "url": "https://git.anturated.dev/anturated/eiddew"
      }
    },
    "flake-utils": {
      "inputs": {
        "systems": "systems"
      },
      "locked": {
        "lastModified": 1731533236,
        "narHash": "sha256-l0KFg5HjrsfsO/JpG+r7fRrqm12kzFHyUHqHCVpMMbI=",
        "owner": "numtide",
        "repo": "flake-utils",
        "rev": "11707dc2f618dd54ca8739b309ec4fc024de578b",
        "type": "github"
      },
      "original": {
        "owner": "numtide",
        "repo": "flake-utils",
        "type": "github"
      }
    },
    "gift-wrap": {
      "inputs": {
        "nixpkgs": [
          "newydd",
          "nixpkgs"
        ]
      },
      "locked": {
        "lastModified": 1773403464,
        "narHash": "sha256-fckT48WShz/HqRgHgBKbVZCreC+Apfu3UqPZxFuL7Us=",
        "owner": "tgirlcloud",
        "repo": "gift-wrap",
        "rev": "9499bc6e450d9959e2019f7122efd3b9077f333a",
        "type": "github"
      },
      "original": {
        "owner": "tgirlcloud",
        "repo": "gift-wrap",
        "type": "github"
      }
    },
    "home-manager": {
      "inputs": {
        "nixpkgs": [
          "nixpkgs"
        ]
      },
      "locked": {
        "lastModified": 1782936463,
        "narHash": "sha256-uFboRoG7fBgdP592N1wcNSA87ohssab6m+VuRxEUnIY=",
        "owner": "nix-community",
        "repo": "home-manager",
        "rev": "74b38179ac0820af3ea4a240ff12668fb2b8c72e",
        "type": "github"
      },
      "original": {
        "owner": "nix-community",
        "repo": "home-manager",
        "type": "github"
      }
    },
    "newydd": {
      "inputs": {
        "gift-wrap": "gift-wrap",
        "nixpkgs": [
          "nixpkgs"
        ],
        "ts-nix-numtide": "ts-nix-numtide"
      },
      "locked": {
        "lastModified": 1782943287,
        "narHash": "sha256-cDhSmi49PgCq8bUO8inhudIY/Vvg5O9y2mw1etPrP2s=",
        "ref": "refs/heads/master",
        "rev": "05859565eb69dce57c6446dfe504a2b1f612fe6b",
        "revCount": 97,
        "type": "git",
        "url": "https://git.anturated.dev/anturated/newydd"
      },
      "original": {
        "type": "git",
        "url": "https://git.anturated.dev/anturated/newydd"
      }
    },
    "nix-index-database": {
      "inputs": {
        "nixpkgs": [
          "nixpkgs"
        ]
      },
      "locked": {
        "lastModified": 1782636943,
        "narHash": "sha256-ripjZa7BBLwL1uS5VJF3s/VpZpWt5ZIQEvkJ/FJNpQw=",
        "owner": "nix-community",
        "repo": "nix-index-database",
        "rev": "058b1f9381fa79fcda49982370a750ff92dbba43",
        "type": "github"
      },
      "original": {
        "owner": "nix-community",
        "repo": "nix-index-database",
        "type": "github"
      }
    },
    "nixpkgs": {
      "locked": {
        "lastModified": 1782821651,
        "narHash": "sha256-D5jO0ME1lA9bDHnd5kVawBwItG/N4oZr3FlXmMzLec8=",
        "owner": "NixOS",
        "repo": "nixpkgs",
        "rev": "e52c192be9d7b2c4bd4aed326c8731b35f8bb75c",
        "type": "github"
      },
      "original": {
        "owner": "NixOS",
        "ref": "nixpkgs-unstable",
        "repo": "nixpkgs",
        "type": "github"
      }
    },
    "root": {
      "inputs": {
        "anturated-website": "anturated-website",
        "eiddew": "eiddew",
        "home-manager": "home-manager",
        "newydd": "newydd",
        "nix-index-database": "nix-index-database",
        "nixpkgs": "nixpkgs",
        "simple-nixos-mailserver": "simple-nixos-mailserver",
        "sops": "sops",
        "spicetify": "spicetify"
      }
    },
    "simple-nixos-mailserver": {
      "inputs": {
        "blobs": [],
        "flake-compat": [],
        "git-hooks": [],
        "nixpkgs": [
          "nixpkgs"
        ]
      },
      "locked": {
        "lastModified": 1781892035,
        "narHash": "sha256-e46EhlHo0jupcYCLE4QJRitd3+y+RgIQYNcfcCdLbKg=",
        "owner": "simple-nixos-mailserver",
        "repo": "nixos-mailserver",
        "rev": "c37fd9c40877450716692b6478e6dda330dfc46a",
        "type": "gitlab"
      },
      "original": {
        "owner": "simple-nixos-mailserver",
        "repo": "nixos-mailserver",
        "type": "gitlab"
      }
    },
    "sops": {
      "inputs": {
        "nixpkgs": [
          "nixpkgs"
        ]
      },
      "locked": {
        "lastModified": 1776230713,
        "narHash": "sha256-8Rv4J8M09NPJcq4pYfMyi0ibJJQD7/JzKjAqSp2LjZw=",
        "owner": "Mic92",
        "repo": "sops-nix",
        "rev": "105ff9ba631f5e7ee75aac03df941981312d917e",
        "type": "github"
      },
      "original": {
        "owner": "Mic92",
        "ref": "pull/779/merge",
        "repo": "sops-nix",
        "type": "github"
      }
    },
    "spicetify": {
      "inputs": {
        "nixpkgs": [
          "nixpkgs"
        ],
        "systems": "systems_2"
      },
      "locked": {
        "lastModified": 1782898510,
        "narHash": "sha256-7QVN7ijsXbIBRrI9LdXfeoFktTS0I6HZya9tu6+STrs=",
        "owner": "Gerg-L",
        "repo": "spicetify-nix",
        "rev": "9cabea6f5973ec01f60080ea50f54f8f6d74dc95",
        "type": "github"
      },
      "original": {
        "owner": "Gerg-L",
        "repo": "spicetify-nix",
        "type": "github"
      }
    },
    "systems": {
      "locked": {
        "lastModified": 1681028828,
        "narHash": "sha256-Vy1rq5AaRuLzOxct8nz4T6wlgyUR7zLU309k9mBC768=",
        "owner": "nix-systems",
        "repo": "default",
        "rev": "da67096a3b9bf56a91d16901293e51ba5b49a27e",
        "type": "github"
      },
      "original": {
        "owner": "nix-systems",
        "repo": "default",
        "type": "github"
      }
    },
    "systems_2": {
      "locked": {
        "lastModified": 1681028828,
        "narHash": "sha256-Vy1rq5AaRuLzOxct8nz4T6wlgyUR7zLU309k9mBC768=",
        "owner": "nix-systems",
        "repo": "default",
        "rev": "da67096a3b9bf56a91d16901293e51ba5b49a27e",
        "type": "github"
      },
      "original": {
        "owner": "nix-systems",
        "repo": "default",
        "type": "github"
      }
    },
    "ts-nix-numtide": {
      "inputs": {
        "flake-utils": "flake-utils",
        "nixpkgs": [
          "newydd",
          "nixpkgs"
        ]
      },
      "locked": {
        "lastModified": 1779268707,
        "narHash": "sha256-n3sQz0LhDCdoza4bmXHGvZWROyUpYO7u+00/w7bsO/I=",
        "owner": "numtide",
        "repo": "tree-sitter-nix",
        "rev": "70f34e95e30b7ebcc40815d4385d68576c4a15cd",
        "type": "github"
      },
      "original": {
        "owner": "numtide",
        "repo": "tree-sitter-nix",
        "type": "github"
      }
    }
  },
  "root": "root",
  "version": 7
}
