{
  "nodes": {
    "anturated-website": {
      "inputs": {
        "nixpkgs": [
          "nixpkgs"
        ]
      },
      "locked": {
        "lastModified": 1787263328,
        "narHash": "sha256-YkCZRHvFI1EL+hZJ7MhtQp15GW0GNZJpexQiaTljfR4=",
        "ref": "refs/heads/master",
        "rev": "cbda6020d97bebb9f31e224e23d95719c78e6918",
        "revCount": 89,
        "type": "git",
        "url": "https://git.anturated.dev/anturated/website"
      },
      "original": {
        "type": "git",
        "url": "https://git.anturated.dev/anturated/website"
      }
    },
    "eiddew": {
      "inputs": {
        "nixpkgs": [
          "nixpkgs"
        ]
      },
      "locked": {
        "lastModified": 1787263324,
        "narHash": "sha256-P1ySC0FHSExJC53ydilqXwzjdZWJzj2ip9OF0OCN4pE=",
        "ref": "refs/heads/master",
        "rev": "d27fce5cb96153481e3cfe5f8c39a6dde5873b89",
        "revCount": 156,
        "type": "git",
        "url": "https://git.anturated.dev/anturated/eiddew"
      },
      "original": {
        "type": "git",
        "url": "https://git.anturated.dev/anturated/eiddew"
      }
    },
    "flake-utils": {
      "inputs": {
        "systems": "systems"
      },
      "locked": {
        "lastModified": 1731533236,
        "narHash": "sha256-l0KFg5HjrsfsO/JpG+r7fRrqm12kzFHyUHqHCVpMMbI=",
        "owner": "numtide",
        "repo": "flake-utils",
        "rev": "11707dc2f618dd54ca8739b309ec4fc024de578b",
        "type": "github"
      },
      "original": {
        "owner": "numtide",
        "repo": "flake-utils",
        "type": "github"
      }
    },
    "home-manager": {
      "inputs": {
        "nixpkgs": [
          "nixpkgs"
        ]
      },
      "locked": {
        "lastModified": 1787176219,
        "narHash": "sha256-djoRr6jBpe35q/0JwAvXpFXg1Ktf+X54NU2RLR7wnHw=",
        "owner": "nix-community",
        "repo": "home-manager",
        "rev": "c53d643b3737e2fcd04e6cb3b3580ef50b2087a0",
        "type": "github"
      },
      "original": {
        "owner": "nix-community",
        "repo": "home-manager",
        "type": "github"
      }
    },
    "newydd": {
      "inputs": {
        "nixpkgs": [
          "nixpkgs"
        ],
        "ts-nix-numtide": "ts-nix-numtide"
      },
      "locked": {
        "lastModified": 1787263329,
        "narHash": "sha256-j4CtqETdSi80xZx+gqo5b8u3gKJasa4YLuYyriABI38=",
        "ref": "refs/heads/master",
        "rev": "5f56f7b6b8d88706b976f3fd83a5e5e6fcda67ef",
        "revCount": 137,
        "type": "git",
        "url": "https://git.anturated.dev/anturated/newydd"
      },
      "original": {
        "type": "git",
        "url": "https://git.anturated.dev/anturated/newydd"
      }
    },
    "nix-index-database": {
      "inputs": {
        "nixpkgs": [
          "nixpkgs"
        ]
      },
      "locked": {
        "lastModified": 1786852476,
        "narHash": "sha256-IM5CYtf86W4w8eUPpKcY/LpdHElmVBtJhaKnoTKxZEA=",
        "owner": "nix-community",
        "repo": "nix-index-database",
        "rev": "c7962dc97b45129df8d751bedaf37beb5a17706e",
        "type": "github"
      },
      "original": {
        "owner": "nix-community",
        "repo": "nix-index-database",
        "type": "github"
      }
    },
    "nixpkgs": {
      "locked": {
        "lastModified": 1787172299,
        "narHash": "sha256-PShzS87awOlE5XWkxUGBd/58/F+AtE2ZMgFffKj4r8s=",
        "owner": "NixOS",
        "repo": "nixpkgs",
        "rev": "07e1d92cdc0ed416cfa11ff3ca40d17e61cfba7a",
        "type": "github"
      },
      "original": {
        "owner": "NixOS",
        "ref": "nixpkgs-unstable",
        "repo": "nixpkgs",
        "type": "github"
      }
    },
    "root": {
      "inputs": {
        "anturated-website": "anturated-website",
        "eiddew": "eiddew",
        "home-manager": "home-manager",
        "newydd": "newydd",
        "nix-index-database": "nix-index-database",
        "nixpkgs": "nixpkgs",
        "simple-nixos-mailserver": "simple-nixos-mailserver",
        "sops": "sops"
      }
    },
    "simple-nixos-mailserver": {
      "inputs": {
        "blobs": [],
        "flake-compat": [],
        "git-hooks": [],
        "nixpkgs": [
          "nixpkgs"
        ]
      },
      "locked": {
        "lastModified": 1786567397,
        "narHash": "sha256-H713vbgy+n1asVNn/0kBwbFgroNgC1dnx8pEMKcFdgk=",
        "owner": "simple-nixos-mailserver",
        "repo": "nixos-mailserver",
        "rev": "e668474df221aeef1ebd374d0364aa07f1d4f827",
        "type": "gitlab"
      },
      "original": {
        "owner": "simple-nixos-mailserver",
        "repo": "nixos-mailserver",
        "type": "gitlab"
      }
    },
    "sops": {
      "inputs": {
        "nixpkgs": [
          "nixpkgs"
        ]
      },
      "locked": {
        "lastModified": 1786629091,
        "narHash": "sha256-gkig4nPi1CWc4Z50GBsjE4ygSE7hMpl/TwID2an2Cck=",
        "owner": "Mic92",
        "repo": "sops-nix",
        "rev": "a8627b21b9107c5711c96b84f32a9a4b3d45295f",
        "type": "github"
      },
      "original": {
        "owner": "Mic92",
        "repo": "sops-nix",
        "type": "github"
      }
    },
    "systems": {
      "locked": {
        "lastModified": 1681028828,
        "narHash": "sha256-Vy1rq5AaRuLzOxct8nz4T6wlgyUR7zLU309k9mBC768=",
        "owner": "nix-systems",
        "repo": "default",
        "rev": "da67096a3b9bf56a91d16901293e51ba5b49a27e",
        "type": "github"
      },
      "original": {
        "owner": "nix-systems",
        "repo": "default",
        "type": "github"
      }
    },
    "ts-nix-numtide": {
      "inputs": {
        "flake-utils": "flake-utils",
        "nixpkgs": [
          "newydd",
          "nixpkgs"
        ]
      },
      "locked": {
        "lastModified": 1779268707,
        "narHash": "sha256-n3sQz0LhDCdoza4bmXHGvZWROyUpYO7u+00/w7bsO/I=",
        "owner": "numtide",
        "repo": "tree-sitter-nix",
        "rev": "70f34e95e30b7ebcc40815d4385d68576c4a15cd",
        "type": "github"
      },
      "original": {
        "owner": "numtide",
        "repo": "tree-sitter-nix",
        "type": "github"
      }
    }
  },
  "root": "root",
  "version": 7
}
